uuid: 49c3cbec-7a62-4677-9b49-d52189b03c99
langcode: en
status: true
dependencies:
  content:
    - 'block_content:basic:d70a1401-8b49-4d1f-be28-2050d8b2a944'
  module:
    - block_class
    - block_content
    - user
  theme:
    - dcm2017
third_party_settings:
  block_class:
    classes: ''
id: socialblock
theme: dcm2017
region: content
weight: -22
provider: null
plugin: 'block_content:d70a1401-8b49-4d1f-be28-2050d8b2a944'
settings:
  id: 'block_content:d70a1401-8b49-4d1f-be28-2050d8b2a944'
  label: 'Social Block'
  provider: block_content
  label_display: '0'
  status: true
  info: ''
  view_mode: full
visibility:
  user_role:
    id: user_role
    roles:
      anonymous: anonymous
      authenticated: authenticated
    negate: false
    context_mapping:
      user: '@user.current_user_context:current_user'
