uuid: 6c58dfcf-f274-4805-93a0-9dcf30a080cd
langcode: en
status: true
dependencies:
  config:
    - views.view.drupal_camp_news
  module:
    - block_class
    - system
    - views
  theme:
    - dcm2017
third_party_settings:
  block_class:
    classes: ''
id: views_block__drupal_camp_news_news_listing_block
theme: dcm2017
region: sidebar_second
weight: -19
provider: null
plugin: 'views_block:drupal_camp_news-news_listing_block'
settings:
  id: 'views_block:drupal_camp_news-news_listing_block'
  label: 'Recent News'
  provider: views
  label_display: visible
  views_label: 'Recent News'
  items_per_page: none
visibility:
  request_path:
    id: request_path
    pages: "/news/*\r\n/contact/*\r\n"
    negate: false
    context_mapping: {  }
