uuid: df586a51-8010-48c2-959c-68d3af8407df
langcode: en
status: true
dependencies:
  config:
    - views.view.sponsors
  module:
    - system
    - views
  theme:
    - dcm17
_core:
  default_config_hash: YUdLlX3BJ78SuAhS_vdq03zVZjKQtf8yDbV5YiqQv2c
id: views_block__sponsors_platinum_sponsor_detail_page_block
theme: dcm17
region: header
weight: -11
provider: null
plugin: 'views_block:sponsors-platinum_sponsor_detail_page_block'
settings:
  id: 'views_block:sponsors-platinum_sponsor_detail_page_block'
  label: ''
  provider: views
  label_display: '0'
  views_label: ''
  items_per_page: none
visibility:
  request_path:
    id: request_path
    pages: '<front>'
    negate: true
    context_mapping: {  }
