uuid: 7e98bbf5-95fb-445c-8db7-6919fdff6723
langcode: en
status: false
dependencies:
  config:
    - views.view.sponsors
  module:
    - system
    - views
  theme:
    - dcm2018
_core:
  default_config_hash: YUdLlX3BJ78SuAhS_vdq03zVZjKQtf8yDbV5YiqQv2c
id: dcm2018_views_block__sponsors_platinum_sponsor_detail_page_block
theme: dcm2018
region: '-1'
weight: -15
provider: null
plugin: 'views_block:sponsors-platinum_sponsor_detail_page_block'
settings:
  id: 'views_block:sponsors-platinum_sponsor_detail_page_block'
  label: ''
  provider: views
  label_display: '0'
  views_label: ''
  items_per_page: none
visibility:
  request_path:
    id: request_path
    pages: "<front>\r\n/landing-page\r\n/about-mumbai"
    negate: true
    context_mapping: {  }
